
Microsoft Visual Studio Solution File, Format Version 12.00
# Visual Studio 15
VisualStudioVersion = 15.0.26124.0
MinimumVisualStudioVersion = 15.0.26124.0
Project("{2150E333-8FDC-42A3-9474-1A3956D46DE8}") = "src", "src", "{C4F174BF-4F2C-4DA7-8847-7F3F8C50914E}"
EndProject
Project("{FAE04EC0-301F-11D3-BF4B-00C04F79EFBC}") = "SaturdayJazz.Host", "src\SaturdayJazz.Host\SaturdayJazz.Host.csproj", "{CC556570-0A13-4B16-83DD-C5402066EF6A}"
EndProject
Global
	GlobalSection(SolutionConfigurationPlatforms) = preSolution
		Debug|Any CPU = Debug|Any CPU
		Debug|x64 = Debug|x64
		Debug|x86 = Debug|x86
		Release|Any CPU = Release|Any CPU
		Release|x64 = Release|x64
		Release|x86 = Release|x86
	EndGlobalSection
	GlobalSection(SolutionProperties) = preSolution
		HideSolutionNode = FALSE
	EndGlobalSection
	GlobalSection(ProjectConfigurationPlatforms) = postSolution
		{CC556570-0A13-4B16-83DD-C5402066EF6A}.Debug|Any CPU.ActiveCfg = Debug|Any CPU
		{CC556570-0A13-4B16-83DD-C5402066EF6A}.Debug|Any CPU.Build.0 = Debug|Any CPU
		{CC556570-0A13-4B16-83DD-C5402066EF6A}.Debug|x64.ActiveCfg = Debug|Any CPU
		{CC556570-0A13-4B16-83DD-C5402066EF6A}.Debug|x64.Build.0 = Debug|Any CPU
		{CC556570-0A13-4B16-83DD-C5402066EF6A}.Debug|x86.ActiveCfg = Debug|Any CPU
		{CC556570-0A13-4B16-83DD-C5402066EF6A}.Debug|x86.Build.0 = Debug|Any CPU
		{CC556570-0A13-4B16-83DD-C5402066EF6A}.Release|Any CPU.ActiveCfg = Release|Any CPU
		{CC556570-0A13-4B16-83DD-C5402066EF6A}.Release|Any CPU.Build.0 = Release|Any CPU
		{CC556570-0A13-4B16-83DD-C5402066EF6A}.Release|x64.ActiveCfg = Release|Any CPU
		{CC556570-0A13-4B16-83DD-C5402066EF6A}.Release|x64.Build.0 = Release|Any CPU
		{CC556570-0A13-4B16-83DD-C5402066EF6A}.Release|x86.ActiveCfg = Release|Any CPU
		{CC556570-0A13-4B16-83DD-C5402066EF6A}.Release|x86.Build.0 = Release|Any CPU
	EndGlobalSection
	GlobalSection(NestedProjects) = preSolution
		{CC556570-0A13-4B16-83DD-C5402066EF6A} = {C4F174BF-4F2C-4DA7-8847-7F3F8C50914E}
	EndGlobalSection
EndGlobal
